
Microsoft Visual Studio Solution File, Format Version 12.00
# Visual Studio Version 16
VisualStudioVersion = 16.0.31624.102
MinimumVisualStudioVersion = 10.0.40219.1
Project("{8BC9CEB8-8B4A-11D0-8D11-00A0C91BC942}") = "Find_wide", "Find_wide.vcxproj", "{A1354490-1C51-4ADF-B504-47FA3CD4FAC3}"
EndProject
Global
	GlobalSection(SolutionConfigurationPlatforms) = preSolution
		Debug|x64 = Debug|x64
		Debug|x86 = Debug|x86
		Release|x64 = Release|x64
		Release|x86 = Release|x86
	EndGlobalSection
	GlobalSection(ProjectConfigurationPlatforms) = postSolution
		{A1354490-1C51-4ADF-B504-47FA3CD4FAC3}.Debug|x64.ActiveCfg = Debug|x64
		{A1354490-1C51-4ADF-B504-47FA3CD4FAC3}.Debug|x64.Build.0 = Debug|x64
		{A1354490-1C51-4ADF-B504-47FA3CD4FAC3}.Debug|x86.ActiveCfg = Debug|Win32
		{A1354490-1C51-4ADF-B504-47FA3CD4FAC3}.Debug|x86.Build.0 = Debug|Win32
		{A1354490-1C51-4ADF-B504-47FA3CD4FAC3}.Release|x64.ActiveCfg = Release|x64
		{A1354490-1C51-4ADF-B504-47FA3CD4FAC3}.Release|x64.Build.0 = Release|x64
		{A1354490-1C51-4ADF-B504-47FA3CD4FAC3}.Release|x86.ActiveCfg = Release|Win32
		{A1354490-1C51-4ADF-B504-47FA3CD4FAC3}.Release|x86.Build.0 = Release|Win32
	EndGlobalSection
	GlobalSection(SolutionProperties) = preSolution
		HideSolutionNode = FALSE
	EndGlobalSection
	GlobalSection(ExtensibilityGlobals) = postSolution
		SolutionGuid = {F80963F9-AF0E-4542-87B4-8051149B16F0}
	EndGlobalSection
EndGlobal
